# THIS IS AN AUTOGENERATED FILE. DO NOT EDIT THIS FILE DIRECTLY.
# yarn lockfile v1


"@types/boom@*", "@types/boom@^4.3.7":
  version "4.3.7"
  resolved "https://registry.yarnpkg.com/@types/boom/-/boom-4.3.7.tgz#2771d7b1fd7df70c6860ed30ec6752feaca9f3de"

"@types/catbox@*":
  version "7.1.3"
  resolved "https://registry.yarnpkg.com/@types/catbox/-/catbox-7.1.3.tgz#895ee7d335fda7e5af688b21e8b9b5e84e30dd39"
  dependencies:
    "@types/boom" "*"

"@types/hapi@16.1.2":
  version "16.1.2"
  resolved "https://registry.yarnpkg.com/@types/hapi/-/hapi-16.1.2.tgz#e782b399a11ef8934c3de3ab07aae9fb53cb0968"
  dependencies:
    "@types/boom" "*"
    "@types/catbox" "*"
    "@types/joi" "*"
    "@types/mimos" "*"
    "@types/node" "*"
    "@types/podium" "*"
    "@types/shot" "*"

"@types/joi@*":
  version "10.4.3"
  resolved "https://registry.yarnpkg.com/@types/joi/-/joi-10.4.3.tgz#1d82cd9a79194f3dd0685d5d2c220a77a9c0776b"

"@types/joi@^10.4.0":
  version "10.4.0"
  resolved "https://registry.yarnpkg.com/@types/joi/-/joi-10.4.0.tgz#a4de40cdf2462c7e1c83eb47ca3e19177bcc2ae8"

"@types/mime-db@*":
  version "1.27.0"
  resolved "https://registry.yarnpkg.com/@types/mime-db/-/mime-db-1.27.0.tgz#9bc014a1fd1fdf47649c1a54c6dd7966b8284792"

"@types/mimos@*":
  version "3.0.1"
  resolved "https://registry.yarnpkg.com/@types/mimos/-/mimos-3.0.1.tgz#59d96abe1c9e487e7463fe41e8d86d76b57a441a"
  dependencies:
    "@types/mime-db" "*"

"@types/node@*":
  version "8.0.28"
  resolved "https://registry.yarnpkg.com/@types/node/-/node-8.0.28.tgz#86206716f8d9251cf41692e384264cbd7058ad60"

"@types/node@^7.0.5":
  version "7.0.5"
  resolved "https://registry.yarnpkg.com/@types/node/-/node-7.0.5.tgz#96a0f0a618b7b606f1ec547403c00650210bfbb7"

"@types/podium@*":
  version "1.0.0"
  resolved "https://registry.yarnpkg.com/@types/podium/-/podium-1.0.0.tgz#bfaa2151be2b1d6109cc69f7faa9dac2cba3bb20"

"@types/shot@*":
  version "3.4.0"
  resolved "https://registry.yarnpkg.com/@types/shot/-/shot-3.4.0.tgz#459477c5187d3ebd303660ab099e7e9e0f3b656f"
  dependencies:
    "@types/node" "*"

boom@^5.2.0:
  version "5.2.0"
  resolved "https://registry.yarnpkg.com/boom/-/boom-5.2.0.tgz#5dd9da6ee3a5f302077436290cb717d3f4a54e02"
  dependencies:
    hoek "4.x.x"

hoek@4.x.x:
  version "4.1.0"
  resolved "https://registry.yarnpkg.com/hoek/-/hoek-4.1.0.tgz#4a4557460f69842ed463aa00628cc26d2683afa7"

isemail@2.x.x:
  version "2.2.1"
  resolved "https://registry.yarnpkg.com/isemail/-/isemail-2.2.1.tgz#0353d3d9a62951080c262c2aa0a42b8ea8e9e2a6"

items@2.x.x:
  version "2.1.1"
  resolved "https://registry.yarnpkg.com/items/-/items-2.1.1.tgz#8bd16d9c83b19529de5aea321acaada78364a198"

joi@^10.5.2:
  version "10.5.2"
  resolved "https://registry.yarnpkg.com/joi/-/joi-10.5.2.tgz#64f6853b080e9df0cf4cc9e204fa12cc8f792c48"
  dependencies:
    hoek "4.x.x"
    isemail "2.x.x"
    items "2.x.x"
    topo "2.x.x"

lodash@^4.17.4:
  version "4.17.4"
  resolved "https://registry.yarnpkg.com/lodash/-/lodash-4.17.4.tgz#78203a4d1c328ae1d86dca6460e369b57f4055ae"

topo@2.x.x:
  version "2.0.2"
  resolved "https://registry.yarnpkg.com/topo/-/topo-2.0.2.tgz#cd5615752539057c0dc0491a621c3bc6fbe1d182"
  dependencies:
    hoek "4.x.x"

typescript@^2.3.1:
  version "2.3.1"
  resolved "https://registry.yarnpkg.com/typescript/-/typescript-2.3.1.tgz#e3361fb395c6c3f9c69faeeabc9503f8bdecaea1"
